
Microsoft Visual Studio Solution File, Format Version 12.00
# Visual Studio Version 17
VisualStudioVersion = 17.9.34607.119
MinimumVisualStudioVersion = 10.0.40219.1
Project("{8BC9CEB8-8B4A-11D0-8D11-00A0C91BC942}") = "PS_22AOoyamaShun_2024T2", "PS_22AOoyamaShun_2024T2\PS_22AOoyamaShun_2024T2.vcxproj", "{23003A86-514E-40FC-8F71-3256AE460C3C}"
EndProject
Global
	GlobalSection(SolutionConfigurationPlatforms) = preSolution
		Debug|x64 = Debug|x64
		Release|x64 = Release|x64
	EndGlobalSection
	GlobalSection(ProjectConfigurationPlatforms) = postSolution
		{23003A86-514E-40FC-8F71-3256AE460C3C}.Debug|x64.ActiveCfg = Debug|x64
		{23003A86-514E-40FC-8F71-3256AE460C3C}.Debug|x64.Build.0 = Debug|x64
		{23003A86-514E-40FC-8F71-3256AE460C3C}.Release|x64.ActiveCfg = Release|x64
		{23003A86-514E-40FC-8F71-3256AE460C3C}.Release|x64.Build.0 = Release|x64
	EndGlobalSection
	GlobalSection(SolutionProperties) = preSolution
		HideSolutionNode = FALSE
	EndGlobalSection
	GlobalSection(ExtensibilityGlobals) = postSolution
		SolutionGuid = {435B651F-C370-46F4-9A75-CF7E6650AD3A}
	EndGlobalSection
EndGlobal
